{
  "name": "New folder (2)",
  "lockfileVersion": 3,
  "requires": true,
  "packages": {
    "": {
      "dependencies": {
        "@paper-design/shaders-react": "^0.0.80"
      }
    },
    "node_modules/@paper-design/shaders": {
      "version": "0.0.80",
      "resolved": "https://registry.npmjs.org/@paper-design/shaders/-/shaders-0.0.80.tgz",
      "integrity": "sha512-pcabvt5xDlFoEhpjUj4b1tGJMfqb0i5mXifWMNQf6z7FoOJYxYDo7F8R6k0JAh5D/7ouxjX5+N0cIq5WURyQ1Q==",
      "license": "Apache-2.0"
    },
    "node_modules/@paper-design/shaders-react": {
      "version": "0.0.80",
      "resolved": "https://registry.npmjs.org/@paper-design/shaders-react/-/shaders-react-0.0.80.tgz",
      "integrity": "sha512-Y1oxUeh5D2AECo05O+4UYRbaMfQzKKYH3Q5jcvirOcoX0hTPYbezCLn5g94nvcuzxy5LN/uqwsL3jDUp8r3E+A==",
      "license": "Apache-2.0",
      "dependencies": {
        "@paper-design/shaders": "0.0.80"
      },
      "peerDependencies": {
        "@types/react": "^18 || ^19",
        "react": "^18 || ^19"
      },
      "peerDependenciesMeta": {
        "@types/react": {
          "optional": true
        }
      }
    },
    "node_modules/react": {
      "version": "19.2.8",
      "resolved": "https://registry.npmjs.org/react/-/react-19.2.8.tgz",
      "integrity": "sha512-PWaYA1L/q9u2u7xYQi+Y3L3Yfnie7XyLeaJICV1MGD6LprsBxcAqGjYyr0eY3p+QdsA+x/Irkt4Qif8D63+Sbw==",
      "license": "MIT",
      "peer": true,
      "engines": {
        "node": ">=0.10.0"
      }
    }
  }
}
